// !$*UTF8*$!
{
	archiveVersion = 1;
	classes = {
	};
	objectVersion = 42;
	objects = {
		D7BA7D76DAB5DD13389D6332 = {
			buildActionMask = 2147483647;
			files = (
				);
			generatedFileNames = (
				);
			isa = PBXShellScriptBuildPhase;
			name = "Qt Qmake";
			neededFileNames = (
				);
			shellPath = "/bin/sh";
			shellScript = "make\ -C\ /Volumes/OptiBay/Home/Dropbox/School/Winter\ 2011/Game/td\ -f\ \'td.xcodeproj/qt_makeqmake.mak\'";
		};
		7EC3C68A81EFFF79B6CA22AC = {
			isa = PBXFileReference;
			name = "main.cpp";
			path = "src/main.cpp";
			refType = 4;
			lastKnownFileType = "sourcecode.cpp.cpp";
		};
		FD1638E377D97C82BDB438FB = {
			fileRef = "7EC3C68A81EFFF79B6CA22AC";
			isa = PBXBuildFile;
			settings = {
				ATTRIBUTES = (
					);
			};
		};
		1C0B64226A129D35F02DC004 = {
			isa = PBXFileReference;
			name = "MainWindow.cpp";
			path = "src/MainWindow.cpp";
			refType = 4;
			lastKnownFileType = "sourcecode.cpp.cpp";
		};
		AAC1168526D0C37A3F415917 = {
			fileRef = "1C0B64226A129D35F02DC004";
			isa = PBXBuildFile;
			settings = {
				ATTRIBUTES = (
					);
			};
		};
		9CAC7EC1FF0832ABB520D635 = {
			isa = PBXFileReference;
			name = "manager.cpp";
			path = "src/audio/manager.cpp";
			refType = 4;
			lastKnownFileType = "sourcecode.cpp.cpp";
		};
		F212831990287648BD27E215 = {
			fileRef = "9CAC7EC1FF0832ABB520D635";
			isa = PBXBuildFile;
			settings = {
				ATTRIBUTES = (
					);
			};
		};
		0E704F6199987F20520F59EE = {
			isa = PBXFileReference;
			name = "openal_helper.cpp";
			path = "src/audio/openal_helper.cpp";
			refType = 4;
			lastKnownFileType = "sourcecode.cpp.cpp";
		};
		A20A3536AB0B1F6CCA67D07F = {
			fileRef = "0E704F6199987F20520F59EE";
			isa = PBXBuildFile;
			settings = {
				ATTRIBUTES = (
					);
			};
		};
		7E1160C0F2FF3598566B9CAE = {
			isa = PBXFileReference;
			name = "stream.cpp";
			path = "src/network/stream.cpp";
			refType = 4;
			lastKnownFileType = "sourcecode.cpp.cpp";
		};
		6C6700732BA0B18EB248C31A = {
			fileRef = "7E1160C0F2FF3598566B9CAE";
			isa = PBXBuildFile;
			settings = {
				ATTRIBUTES = (
					);
			};
		};
		FF391C65A9D60149D3CFDB84 = {
			isa = PBXFileReference;
			name = "netclient.cpp";
			path = "src/network/netclient.cpp";
			refType = 4;
			lastKnownFileType = "sourcecode.cpp.cpp";
		};
		F4B3E81F0F1FBC89A21B3CF6 = {
			fileRef = "FF391C65A9D60149D3CFDB84";
			isa = PBXBuildFile;
			settings = {
				ATTRIBUTES = (
					);
			};
		};
		A8DEA5DD2FE42FD90DDCEAB5 = {
			isa = PBXFileReference;
			name = "CDriver.cpp";
			path = "src/engine/CDriver.cpp";
			refType = 4;
			lastKnownFileType = "sourcecode.cpp.cpp";
		};
		E6216069FBAFE3C20FCC3EF1 = {
			fileRef = "A8DEA5DD2FE42FD90DDCEAB5";
			isa = PBXBuildFile;
			settings = {
				ATTRIBUTES = (
					);
			};
		};
		E527DE5A439BF9F506892F17 = {
			isa = PBXFileReference;
			name = "Effect.cpp";
			path = "src/engine/Effect.cpp";
			refType = 4;
			lastKnownFileType = "sourcecode.cpp.cpp";
		};
		7A011B3DFE2A15A4B0E50482 = {
			fileRef = "E527DE5A439BF9F506892F17";
			isa = PBXBuildFile;
			settings = {
				ATTRIBUTES = (
					);
			};
		};
		4E72C8C45EE8CF754A39147B = {
			isa = PBXFileReference;
			name = "GameObject.cpp";
			path = "src/engine/GameObject.cpp";
			refType = 4;
			lastKnownFileType = "sourcecode.cpp.cpp";
		};
		EF077C096C2DE4C044B5A538 = {
			fileRef = "4E72C8C45EE8CF754A39147B";
			isa = PBXBuildFile;
			settings = {
				ATTRIBUTES = (
					);
			};
		};
		6D663DC4EF63EB9096900A7B = {
			isa = PBXFileReference;
			name = "InputComponent.cpp";
			path = "src/engine/InputComponent.cpp";
			refType = 4;
			lastKnownFileType = "sourcecode.cpp.cpp";
		};
		7CFDF9A56C9B74667B65EB94 = {
			fileRef = "6D663DC4EF63EB9096900A7B";
			isa = PBXBuildFile;
			settings = {
				ATTRIBUTES = (
					);
			};
		};
		6780C47C3D7452BDD831F63E = {
			isa = PBXFileReference;
			name = "NPC.cpp";
			path = "src/engine/NPC.cpp";
			refType = 4;
			lastKnownFileType = "sourcecode.cpp.cpp";
		};
		FC824601C174E63297F69EEF = {
			fileRef = "6780C47C3D7452BDD831F63E";
			isa = PBXBuildFile;
			settings = {
				ATTRIBUTES = (
					);
			};
		};
		4CDDFC99C85D1B2933280533 = {
			isa = PBXFileReference;
			name = "PlayerInputComponent.cpp";
			path = "src/engine/PlayerInputComponent.cpp";
			refType = 4;
			lastKnownFileType = "sourcecode.cpp.cpp";
		};
		82304D8C553CE8B618CDE96B = {
			fileRef = "4CDDFC99C85D1B2933280533";
			isa = PBXBuildFile;
			settings = {
				ATTRIBUTES = (
					);
			};
		};
		E70DEBB2F9BE9424C563592F = {
			isa = PBXFileReference;
			name = "PhysicsComponent.cpp";
			path = "src/engine/PhysicsComponent.cpp";
			refType = 4;
			lastKnownFileType = "sourcecode.cpp.cpp";
		};
		3EC4E2B0A7D8DCAC84A7D6D0 = {
			fileRef = "E70DEBB2F9BE9424C563592F";
			isa = PBXBuildFile;
			settings = {
				ATTRIBUTES = (
					);
			};
		};
		665197A0A8F73830D344F1BE = {
			isa = PBXFileReference;
			name = "Player.cpp";
			path = "src/engine/Player.cpp";
			refType = 4;
			lastKnownFileType = "sourcecode.cpp.cpp";
		};
		561754D2309C95D07C6A57A1 = {
			fileRef = "665197A0A8F73830D344F1BE";
			isa = PBXBuildFile;
			settings = {
				ATTRIBUTES = (
					);
			};
		};
		6AA5902617ED16841F4D908F = {
			isa = PBXFileReference;
			name = "PlayerPhysicsComponent.cpp";
			path = "src/engine/PlayerPhysicsComponent.cpp";
			refType = 4;
			lastKnownFileType = "sourcecode.cpp.cpp";
		};
		F4635EAEF696E3AE96616384 = {
			fileRef = "6AA5902617ED16841F4D908F";
			isa = PBXBuildFile;
			settings = {
				ATTRIBUTES = (
					);
			};
		};
		FE8B5BF777BADD1960EAE259 = {
			isa = PBXFileReference;
			name = "Projectile.cpp";
			path = "src/engine/Projectile.cpp";
			refType = 4;
			lastKnownFileType = "sourcecode.cpp.cpp";
		};
		21FF81FBB3C8FA1085C738A0 = {
			fileRef = "FE8B5BF777BADD1960EAE259";
			isa = PBXBuildFile;
			settings = {
				ATTRIBUTES = (
					);
			};
		};
		F438E4D253914101D39059BE = {
			isa = PBXFileReference;
			name = "SDriver.cpp";
			path = "src/engine/SDriver.cpp";
			refType = 4;
			lastKnownFileType = "sourcecode.cpp.cpp";
		};
		BEAE2FF54272BE107B2E66D1 = {
			fileRef = "F438E4D253914101D39059BE";
			isa = PBXBuildFile;
			settings = {
				ATTRIBUTES = (
					);
			};
		};
		6AE8D065C753D1A3A8033597 = {
			isa = PBXFileReference;
			name = "Unit.cpp";
			path = "src/engine/Unit.cpp";
			refType = 4;
			lastKnownFileType = "sourcecode.cpp.cpp";
		};
		D4BBF8A129213F05ED525DED = {
			fileRef = "6AE8D065C753D1A3A8033597";
			isa = PBXBuildFile;
			settings = {
				ATTRIBUTES = (
					);
			};
		};
		890670C32FD2CBDD1EC78713 = {
			isa = PBXFileReference;
			name = "PlayerGraphicsComponent.cpp";
			path = "src/engine/PlayerGraphicsComponent.cpp";
			refType = 4;
			lastKnownFileType = "sourcecode.cpp.cpp";
		};
		253679098E91969DB2B9C93D = {
			fileRef = "890670C32FD2CBDD1EC78713";
			isa = PBXBuildFile;
			settings = {
				ATTRIBUTES = (
					);
			};
		};
		D1F38D253F95CCCF376441D1 = {
			isa = PBXFileReference;
			name = "mapdisplayer.cpp";
			path = "src/graphics/mapdisplayer.cpp";
			refType = 4;
			lastKnownFileType = "sourcecode.cpp.cpp";
		};
		397CAE5567D1CCFA67801F6C = {
			fileRef = "D1F38D253F95CCCF376441D1";
			isa = PBXBuildFile;
			settings = {
				ATTRIBUTES = (
					);
			};
		};
		26827F2FC4DC4FBB23DE8287 = {
			isa = PBXFileReference;
			name = "moc_MainWindow.cpp";
			path = "moc_MainWindow.cpp";
			refType = 4;
			lastKnownFileType = "sourcecode.cpp.cpp";
		};
		A4582233947FB7FB159573BB = {
			fileRef = "26827F2FC4DC4FBB23DE8287";
			isa = PBXBuildFile;
			settings = {
				ATTRIBUTES = (
					);
			};
		};
		28F72121ADD6AD36C41F7DFF = {
			isa = PBXFileReference;
			name = "moc_manager.cpp";
			path = "moc_manager.cpp";
			refType = 4;
			lastKnownFileType = "sourcecode.cpp.cpp";
		};
		F4BA3738B7604449F8AECC86 = {
			fileRef = "28F72121ADD6AD36C41F7DFF";
			isa = PBXBuildFile;
			settings = {
				ATTRIBUTES = (
					);
			};
		};
		4E98BD4243A3E305D6CAB034 = {
			isa = PBXFileReference;
			name = "moc_netclient.cpp";
			path = "moc_netclient.cpp";
			refType = 4;
			lastKnownFileType = "sourcecode.cpp.cpp";
		};
		EAED95B631DA67B07C7E2C02 = {
			fileRef = "4E98BD4243A3E305D6CAB034";
			isa = PBXBuildFile;
			settings = {
				ATTRIBUTES = (
					);
			};
		};
		BF5D08813B7DBE6FB4FB2887 = {
			isa = PBXFileReference;
			name = "moc_CDriver.cpp";
			path = "moc_CDriver.cpp";
			refType = 4;
			lastKnownFileType = "sourcecode.cpp.cpp";
		};
		0D70D8BE8A70295CB959E29A = {
			fileRef = "BF5D08813B7DBE6FB4FB2887";
			isa = PBXBuildFile;
			settings = {
				ATTRIBUTES = (
					);
			};
		};
		04EDBCDF3BB44B11A9F10208 = {
			isa = PBXFileReference;
			name = "moc_Effect.cpp";
			path = "moc_Effect.cpp";
			refType = 4;
			lastKnownFileType = "sourcecode.cpp.cpp";
		};
		105C9ADDDE89CEA5AECEBCB6 = {
			fileRef = "04EDBCDF3BB44B11A9F10208";
			isa = PBXBuildFile;
			settings = {
				ATTRIBUTES = (
					);
			};
		};
		26006B5BBAFD969C70AD4B46 = {
			isa = PBXFileReference;
			name = "moc_GameObject.cpp";
			path = "moc_GameObject.cpp";
			refType = 4;
			lastKnownFileType = "sourcecode.cpp.cpp";
		};
		B65317CDD6FBAB4E1399E8FB = {
			fileRef = "26006B5BBAFD969C70AD4B46";
			isa = PBXBuildFile;
			settings = {
				ATTRIBUTES = (
					);
			};
		};
		A4B7006705FD63C8EE2409BE = {
			isa = PBXFileReference;
			name = "moc_InputComponent.cpp";
			path = "moc_InputComponent.cpp";
			refType = 4;
			lastKnownFileType = "sourcecode.cpp.cpp";
		};
		EC1BF18976D26389F7E20103 = {
			fileRef = "A4B7006705FD63C8EE2409BE";
			isa = PBXBuildFile;
			settings = {
				ATTRIBUTES = (
					);
			};
		};
		03C0E998CD2BEC5E7128DD97 = {
			isa = PBXFileReference;
			name = "moc_NPC.cpp";
			path = "moc_NPC.cpp";
			refType = 4;
			lastKnownFileType = "sourcecode.cpp.cpp";
		};
		A271A230412AA8489859B20D = {
			fileRef = "03C0E998CD2BEC5E7128DD97";
			isa = PBXBuildFile;
			settings = {
				ATTRIBUTES = (
					);
			};
		};
		76B17E107A64FC474BAEA749 = {
			isa = PBXFileReference;
			name = "moc_PlayerInputComponent.cpp";
			path = "moc_PlayerInputComponent.cpp";
			refType = 4;
			lastKnownFileType = "sourcecode.cpp.cpp";
		};
		E849A01DF69924AF9542F2E8 = {
			fileRef = "76B17E107A64FC474BAEA749";
			isa = PBXBuildFile;
			settings = {
				ATTRIBUTES = (
					);
			};
		};
		366847D84348EE65964AA0C0 = {
			isa = PBXFileReference;
			name = "moc_PhysicsComponent.cpp";
			path = "moc_PhysicsComponent.cpp";
			refType = 4;
			lastKnownFileType = "sourcecode.cpp.cpp";
		};
		7A2B32724EAADE23E3396894 = {
			fileRef = "366847D84348EE65964AA0C0";
			isa = PBXBuildFile;
			settings = {
				ATTRIBUTES = (
					);
			};
		};
		2FBEF17CE737BC5F2FE7440F = {
			isa = PBXFileReference;
			name = "moc_Player.cpp";
			path = "moc_Player.cpp";
			refType = 4;
			lastKnownFileType = "sourcecode.cpp.cpp";
		};
		AB6931BD067FC8F812AA75E0 = {
			fileRef = "2FBEF17CE737BC5F2FE7440F";
			isa = PBXBuildFile;
			settings = {
				ATTRIBUTES = (
					);
			};
		};
		3A051175E5758E8637F4F8CF = {
			isa = PBXFileReference;
			name = "moc_Projectile.cpp";
			path = "moc_Projectile.cpp";
			refType = 4;
			lastKnownFileType = "sourcecode.cpp.cpp";
		};
		8B88D23EE22F5E7430EE2EBD = {
			fileRef = "3A051175E5758E8637F4F8CF";
			isa = PBXBuildFile;
			settings = {
				ATTRIBUTES = (
					);
			};
		};
		D8D534CE738BDA7A7AA9D659 = {
			isa = PBXFileReference;
			name = "moc_SDriver.cpp";
			path = "moc_SDriver.cpp";
			refType = 4;
			lastKnownFileType = "sourcecode.cpp.cpp";
		};
		B5D64A906DE6DEDB669C9872 = {
			fileRef = "D8D534CE738BDA7A7AA9D659";
			isa = PBXBuildFile;
			settings = {
				ATTRIBUTES = (
					);
			};
		};
		D948143281B90B0F8B0654FF = {
			isa = PBXFileReference;
			name = "moc_Tile.cpp";
			path = "moc_Tile.cpp";
			refType = 4;
			lastKnownFileType = "sourcecode.cpp.cpp";
		};
		59287B58A683D3EF8BDE7ECA = {
			fileRef = "D948143281B90B0F8B0654FF";
			isa = PBXBuildFile;
			settings = {
				ATTRIBUTES = (
					);
			};
		};
		894E1FFD755FA4A3D26DE5CA = {
			isa = PBXFileReference;
			name = "moc_PlayerGraphicsComponent.cpp";
			path = "moc_PlayerGraphicsComponent.cpp";
			refType = 4;
			lastKnownFileType = "sourcecode.cpp.cpp";
		};
		79B82AADDB9EA330D34F9832 = {
			fileRef = "894E1FFD755FA4A3D26DE5CA";
			isa = PBXBuildFile;
			settings = {
				ATTRIBUTES = (
					);
			};
		};
		B6ECDE5FA95E2AD0C76EF752 = {
			isa = PBXFileReference;
			name = "moc_GraphicsComponent.cpp";
			path = "moc_GraphicsComponent.cpp";
			refType = 4;
			lastKnownFileType = "sourcecode.cpp.cpp";
		};
		86BB5207AA6AA563978598D4 = {
			fileRef = "B6ECDE5FA95E2AD0C76EF752";
			isa = PBXBuildFile;
			settings = {
				ATTRIBUTES = (
					);
			};
		};
		9C5BA64F0C08BC0FEE3AAD76 = {
			isa = PBXFileReference;
			name = "moc_mapdisplayer.cpp";
			path = "moc_mapdisplayer.cpp";
			refType = 4;
			lastKnownFileType = "sourcecode.cpp.cpp";
		};
		7CCE474B872CB6560D72F35D = {
			fileRef = "9C5BA64F0C08BC0FEE3AAD76";
			isa = PBXBuildFile;
			settings = {
				ATTRIBUTES = (
					);
			};
		};
		D807F0DE3110F0AD45593FA7 = {
			isa = PBXFileReference;
			name = "MainWindow.h";
			path = "src/MainWindow.h";
			refType = 4;
		};
		8194847906CA76CC14198CF6 = {
			isa = PBXFileReference;
			name = "manager.h";
			path = "src/audio/manager.h";
			refType = 4;
		};
		29DC61BECC428C4269ACF4D0 = {
			isa = PBXFileReference;
			name = "openal_helper.h";
			path = "src/audio/openal_helper.h";
			refType = 4;
		};
		48855335DADD8BE69D86384A = {
			isa = PBXFileReference;
			name = "netclient.h";
			path = "src/network/netclient.h";
			refType = 4;
		};
		BE0075BE49E76731994EEFA0 = {
			isa = PBXFileReference;
			name = "stream.h";
			path = "src/network/stream.h";
			refType = 4;
		};
		D89BEBB6BD15E9DB70B48180 = {
			isa = PBXFileReference;
			name = "CDriver.h";
			path = "src/engine/CDriver.h";
			refType = 4;
		};
		500706C3CB812F60E9410463 = {
			isa = PBXFileReference;
			name = "Effect.h";
			path = "src/engine/Effect.h";
			refType = 4;
		};
		C9FB231F883CA68A69EBD024 = {
			isa = PBXFileReference;
			name = "GameObject.h";
			path = "src/engine/GameObject.h";
			refType = 4;
		};
		2744FA174F88A493CD8F2F28 = {
			isa = PBXFileReference;
			name = "InputComponent.h";
			path = "src/engine/InputComponent.h";
			refType = 4;
		};
		94A83DFE73AF40FD9EDFF16C = {
			isa = PBXFileReference;
			name = "NPC.h";
			path = "src/engine/NPC.h";
			refType = 4;
		};
		B1496BFDE4B0A930980FC3BE = {
			isa = PBXFileReference;
			name = "PlayerInputComponent.h";
			path = "src/engine/PlayerInputComponent.h";
			refType = 4;
		};
		E3FB345D01D1CA16CC6756E8 = {
			isa = PBXFileReference;
			name = "PhysicsComponent.h";
			path = "src/engine/PhysicsComponent.h";
			refType = 4;
		};
		9FBEB7B25DAE8082D38C89E6 = {
			isa = PBXFileReference;
			name = "Player.h";
			path = "src/engine/Player.h";
			refType = 4;
		};
		FBAC4B81ABF1D6E63111946A = {
			isa = PBXFileReference;
			name = "PlayerPhysicsComponent.h";
			path = "src/engine/PlayerPhysicsComponent.h";
			refType = 4;
		};
		F5D4435BF4EE0F1F83DB4A6C = {
			isa = PBXFileReference;
			name = "Projectile.h";
			path = "src/engine/Projectile.h";
			refType = 4;
		};
		3661AC26754F1F17BB6BC5DD = {
			isa = PBXFileReference;
			name = "SDriver.h";
			path = "src/engine/SDriver.h";
			refType = 4;
		};
		7410FD06B01E678CEE109CA5 = {
			isa = PBXFileReference;
			name = "Tile.h";
			path = "src/engine/Tile.h";
			refType = 4;
		};
		A776D99DB70B70FDF85A3158 = {
			isa = PBXFileReference;
			name = "Unit.h";
			path = "src/engine/Unit.h";
			refType = 4;
		};
		C14D1644FD740EC11B9D0A42 = {
			isa = PBXFileReference;
			name = "PlayerGraphicsComponent.h";
			path = "src/engine/PlayerGraphicsComponent.h";
			refType = 4;
		};
		A263009DB666CC1802C4182E = {
			isa = PBXFileReference;
			name = "GraphicsComponent.h";
			path = "src/engine/GraphicsComponent.h";
			refType = 4;
		};
		A1BCA3A8279CCBE107E8DAA6 = {
			isa = PBXFileReference;
			name = "mapdisplayer.h";
			path = "src/graphics/mapdisplayer.h";
			refType = 4;
		};
		F78A0283EB45895B1D9A79BF = {
			isa = PBXFileReference;
			name = "td.pro";
			path = "td.pro";
			refType = 4;
		};
		883D7615C4D2DE3FA1218F12 = {
			isa = PBXGroup;
			children = (
				"F4AF6147B42623F6B3284738");
			name = "Headers";
			refType = 4;
		};
		F4AF6147B42623F6B3284738 = {
			isa = PBXGroup;
			children = (
				"D807F0DE3110F0AD45593FA7",
				"401F63F4393EA2FE05309077",
				"BA8A1074E1ED78ACEDE15DB3",
				"336D430CF400019B2FFCCC34",
				"FC4614154014E8D392777889");
			name = "src";
			refType = 4;
		};
		401F63F4393EA2FE05309077 = {
			isa = PBXGroup;
			children = (
				"8194847906CA76CC14198CF6",
				"29DC61BECC428C4269ACF4D0");
			name = "audio";
			refType = 4;
		};
		336D430CF400019B2FFCCC34 = {
			isa = PBXGroup;
			children = (
				"D89BEBB6BD15E9DB70B48180",
				"500706C3CB812F60E9410463",
				"C9FB231F883CA68A69EBD024",
				"2744FA174F88A493CD8F2F28",
				"94A83DFE73AF40FD9EDFF16C",
				"B1496BFDE4B0A930980FC3BE",
				"E3FB345D01D1CA16CC6756E8",
				"9FBEB7B25DAE8082D38C89E6",
				"FBAC4B81ABF1D6E63111946A",
				"F5D4435BF4EE0F1F83DB4A6C",
				"3661AC26754F1F17BB6BC5DD",
				"7410FD06B01E678CEE109CA5",
				"A776D99DB70B70FDF85A3158",
				"C14D1644FD740EC11B9D0A42",
				"A263009DB666CC1802C4182E");
			name = "engine";
			refType = 4;
		};
		FC4614154014E8D392777889 = {
			isa = PBXGroup;
			children = (
				"A1BCA3A8279CCBE107E8DAA6");
			name = "graphics";
			refType = 4;
		};
		BA8A1074E1ED78ACEDE15DB3 = {
			isa = PBXGroup;
			children = (
				"48855335DADD8BE69D86384A",
				"BE0075BE49E76731994EEFA0");
			name = "network";
			refType = 4;
		};
		06674E1DE8D3EB6E763DFFDA = {
			isa = PBXGroup;
			children = (
				"7EC3C68A81EFFF79B6CA22AC",
				"1C0B64226A129D35F02DC004",
				"4FFEDAB72A4A20B000818C4D",
				"C2F92F1857268EEFC855E173",
				"C6F632DF788DAAB0E7BDE4DA",
				"610EBC069309B881CB4DA09F");
			name = "src";
			refType = 4;
		};
		4FFEDAB72A4A20B000818C4D = {
			isa = PBXGroup;
			children = (
				"9CAC7EC1FF0832ABB520D635",
				"0E704F6199987F20520F59EE");
			name = "audio";
			refType = 4;
		};
		C6F632DF788DAAB0E7BDE4DA = {
			isa = PBXGroup;
			children = (
				"A8DEA5DD2FE42FD90DDCEAB5",
				"E527DE5A439BF9F506892F17",
				"4E72C8C45EE8CF754A39147B",
				"6D663DC4EF63EB9096900A7B",
				"6780C47C3D7452BDD831F63E",
				"4CDDFC99C85D1B2933280533",
				"E70DEBB2F9BE9424C563592F",
				"665197A0A8F73830D344F1BE",
				"6AA5902617ED16841F4D908F",
				"FE8B5BF777BADD1960EAE259",
				"F438E4D253914101D39059BE",
				"6AE8D065C753D1A3A8033597",
				"890670C32FD2CBDD1EC78713");
			name = "engine";
			refType = 4;
		};
		610EBC069309B881CB4DA09F = {
			isa = PBXGroup;
			children = (
				"D1F38D253F95CCCF376441D1");
			name = "graphics";
			refType = 4;
		};
		C2F92F1857268EEFC855E173 = {
			isa = PBXGroup;
			children = (
				"7E1160C0F2FF3598566B9CAE",
				"FF391C65A9D60149D3CFDB84");
			name = "network";
			refType = 4;
		};
		FB61758D0F0FDA4BA867C3D5 = {
			isa = PBXGroup;
			children = (
				"06674E1DE8D3EB6E763DFFDA");
			name = "Sources";
			refType = 4;
		};
		7CABE3C80E79AD2B307756D2 = {
			isa = PBXGroup;
			children = (
				"F78A0283EB45895B1D9A79BF");
			name = "Sources [qmake]";
			refType = 4;
		};
		46E892BBB6BB6952967E0561 = {
			isa = PBXGroup;
			children = (
				"26827F2FC4DC4FBB23DE8287",
				"28F72121ADD6AD36C41F7DFF",
				"4E98BD4243A3E305D6CAB034",
				"BF5D08813B7DBE6FB4FB2887",
				"04EDBCDF3BB44B11A9F10208",
				"26006B5BBAFD969C70AD4B46",
				"A4B7006705FD63C8EE2409BE",
				"03C0E998CD2BEC5E7128DD97",
				"76B17E107A64FC474BAEA749",
				"366847D84348EE65964AA0C0",
				"2FBEF17CE737BC5F2FE7440F",
				"3A051175E5758E8637F4F8CF",
				"D8D534CE738BDA7A7AA9D659",
				"D948143281B90B0F8B0654FF",
				"894E1FFD755FA4A3D26DE5CA",
				"B6ECDE5FA95E2AD0C76EF752",
				"9C5BA64F0C08BC0FEE3AAD76");
			name = "Temporary Sources";
			refType = 4;
		};
		A0A52A2ADF7A1E2A99738674 = {
			buildActionMask = 2147483647;
			files = (
				);
			generatedFileNames = (
				"FD1638E377D97C82BDB438FB",
				"AAC1168526D0C37A3F415917",
				"F212831990287648BD27E215",
				"A20A3536AB0B1F6CCA67D07F",
				"6C6700732BA0B18EB248C31A",
				"F4B3E81F0F1FBC89A21B3CF6",
				"E6216069FBAFE3C20FCC3EF1",
				"7A011B3DFE2A15A4B0E50482",
				"EF077C096C2DE4C044B5A538",
				"7CFDF9A56C9B74667B65EB94",
				"FC824601C174E63297F69EEF",
				"82304D8C553CE8B618CDE96B",
				"3EC4E2B0A7D8DCAC84A7D6D0",
				"561754D2309C95D07C6A57A1",
				"F4635EAEF696E3AE96616384",
				"21FF81FBB3C8FA1085C738A0",
				"BEAE2FF54272BE107B2E66D1",
				"D4BBF8A129213F05ED525DED",
				"253679098E91969DB2B9C93D",
				"397CAE5567D1CCFA67801F6C",
				"A4582233947FB7FB159573BB",
				"F4BA3738B7604449F8AECC86",
				"EAED95B631DA67B07C7E2C02",
				"0D70D8BE8A70295CB959E29A",
				"105C9ADDDE89CEA5AECEBCB6",
				"B65317CDD6FBAB4E1399E8FB",
				"EC1BF18976D26389F7E20103",
				"A271A230412AA8489859B20D",
				"E849A01DF69924AF9542F2E8",
				"7A2B32724EAADE23E3396894",
				"AB6931BD067FC8F812AA75E0",
				"8B88D23EE22F5E7430EE2EBD",
				"B5D64A906DE6DEDB669C9872",
				"59287B58A683D3EF8BDE7ECA",
				"79B82AADDB9EA330D34F9832",
				"86BB5207AA6AA563978598D4",
				"7CCE474B872CB6560D72F35D");
			isa = PBXShellScriptBuildPhase;
			name = "Qt Preprocessors";
			neededFileNames = (
				"FD1638E377D97C82BDB438FB",
				"AAC1168526D0C37A3F415917",
				"F212831990287648BD27E215",
				"A20A3536AB0B1F6CCA67D07F",
				"6C6700732BA0B18EB248C31A",
				"F4B3E81F0F1FBC89A21B3CF6",
				"E6216069FBAFE3C20FCC3EF1",
				"7A011B3DFE2A15A4B0E50482",
				"EF077C096C2DE4C044B5A538",
				"7CFDF9A56C9B74667B65EB94",
				"FC824601C174E63297F69EEF",
				"82304D8C553CE8B618CDE96B",
				"3EC4E2B0A7D8DCAC84A7D6D0",
				"561754D2309C95D07C6A57A1",
				"F4635EAEF696E3AE96616384",
				"21FF81FBB3C8FA1085C738A0",
				"BEAE2FF54272BE107B2E66D1",
				"D4BBF8A129213F05ED525DED",
				"253679098E91969DB2B9C93D",
				"397CAE5567D1CCFA67801F6C",
				"A4582233947FB7FB159573BB",
				"F4BA3738B7604449F8AECC86",
				"EAED95B631DA67B07C7E2C02",
				"0D70D8BE8A70295CB959E29A",
				"105C9ADDDE89CEA5AECEBCB6",
				"B65317CDD6FBAB4E1399E8FB",
				"EC1BF18976D26389F7E20103",
				"A271A230412AA8489859B20D",
				"E849A01DF69924AF9542F2E8",
				"7A2B32724EAADE23E3396894",
				"AB6931BD067FC8F812AA75E0",
				"8B88D23EE22F5E7430EE2EBD",
				"B5D64A906DE6DEDB669C9872",
				"59287B58A683D3EF8BDE7ECA",
				"79B82AADDB9EA330D34F9832",
				"86BB5207AA6AA563978598D4",
				"7CCE474B872CB6560D72F35D");
			shellPath = "/bin/sh";
			shellScript = "make\ -C\ /Volumes/OptiBay/Home/Dropbox/School/Winter\ 2011/Game/td\ -f\ \'td.xcodeproj/qt_preprocess.mak\'";
		};
		C29B8785722055ED95EF7B57 = {
			buildActionMask = 2147483647;
			files = (
				"FD1638E377D97C82BDB438FB",
				"AAC1168526D0C37A3F415917",
				"F212831990287648BD27E215",
				"A20A3536AB0B1F6CCA67D07F",
				"6C6700732BA0B18EB248C31A",
				"F4B3E81F0F1FBC89A21B3CF6",
				"E6216069FBAFE3C20FCC3EF1",
				"7A011B3DFE2A15A4B0E50482",
				"EF077C096C2DE4C044B5A538",
				"7CFDF9A56C9B74667B65EB94",
				"FC824601C174E63297F69EEF",
				"82304D8C553CE8B618CDE96B",
				"3EC4E2B0A7D8DCAC84A7D6D0",
				"561754D2309C95D07C6A57A1",
				"F4635EAEF696E3AE96616384",
				"21FF81FBB3C8FA1085C738A0",
				"BEAE2FF54272BE107B2E66D1",
				"D4BBF8A129213F05ED525DED",
				"253679098E91969DB2B9C93D",
				"397CAE5567D1CCFA67801F6C",
				"A4582233947FB7FB159573BB",
				"F4BA3738B7604449F8AECC86",
				"EAED95B631DA67B07C7E2C02",
				"0D70D8BE8A70295CB959E29A",
				"105C9ADDDE89CEA5AECEBCB6",
				"B65317CDD6FBAB4E1399E8FB",
				"EC1BF18976D26389F7E20103",
				"A271A230412AA8489859B20D",
				"E849A01DF69924AF9542F2E8",
				"7A2B32724EAADE23E3396894",
				"AB6931BD067FC8F812AA75E0",
				"8B88D23EE22F5E7430EE2EBD",
				"B5D64A906DE6DEDB669C9872",
				"59287B58A683D3EF8BDE7ECA",
				"79B82AADDB9EA330D34F9832",
				"86BB5207AA6AA563978598D4",
				"7CCE474B872CB6560D72F35D");
			isa = PBXSourcesBuildPhase;
			name = "Build Sources";
		};
		52F4216CE5F81A8073DE30C0 = {
			isa = PBXFrameworkReference;
			name = "OpenAL.framework";
			path = "/System/Library/Frameworks/OpenAL.framework";
			refType = 0;
		};
		A9F72A8809110F713D328E52 = {
			fileRef = "52F4216CE5F81A8073DE30C0";
			isa = PBXBuildFile;
			settings = {
			};
		};
		5B6C84CD9FF1DB5B94D640F0 = {
			isa = PBXFileReference;
			name = "vorbisfile";
			path = "/opt/local/lib/libvorbisfile.3.dylib";
			refType = 0;
		};
		58871D81CCB30255EE1423E0 = {
			fileRef = "5B6C84CD9FF1DB5B94D640F0";
			isa = PBXBuildFile;
			settings = {
			};
		};
		51694BF9FCF5FE9F84641263 = {
			isa = PBXFileReference;
			name = "vorbis";
			path = "/opt/local/lib/libvorbis.0.dylib";
			refType = 0;
		};
		F068078AC830265B15779755 = {
			fileRef = "51694BF9FCF5FE9F84641263";
			isa = PBXBuildFile;
			settings = {
			};
		};
		95341D07F3B7BF8065F1E7FB = {
			isa = PBXFileReference;
			name = "ogg";
			path = "/opt/local/lib/libogg.0.dylib";
			refType = 0;
		};
		6607F17D1DB1B97D84197094 = {
			fileRef = "95341D07F3B7BF8065F1E7FB";
			isa = PBXBuildFile;
			settings = {
			};
		};
		9B36DA7E32F0304E780E7972 = {
			isa = PBXFrameworkReference;
			name = "QtGui.framework";
			path = "/Library/Frameworks/QtGui.framework";
			refType = 0;
		};
		501667F26B3C1FF6767A7C12 = {
			fileRef = "9B36DA7E32F0304E780E7972";
			isa = PBXBuildFile;
			settings = {
			};
		};
		B6B9970B86A6C219B0869FE9 = {
			isa = PBXFrameworkReference;
			name = "QtNetwork.framework";
			path = "/Library/Frameworks/QtNetwork.framework";
			refType = 0;
		};
		3826A0833FCB54E86728C6EF = {
			fileRef = "B6B9970B86A6C219B0869FE9";
			isa = PBXBuildFile;
			settings = {
			};
		};
		7BC2E65A5E699A5E5D834CA2 = {
			isa = PBXFrameworkReference;
			name = "QtCore.framework";
			path = "/Library/Frameworks/QtCore.framework";
			refType = 0;
		};
		069D05B0128AE5DC7EE31738 = {
			fileRef = "7BC2E65A5E699A5E5D834CA2";
			isa = PBXBuildFile;
			settings = {
			};
		};
		ED1E82605DD74B483AF3C982 = {
			children = (
				"52F4216CE5F81A8073DE30C0",
				"5B6C84CD9FF1DB5B94D640F0",
				"51694BF9FCF5FE9F84641263",
				"95341D07F3B7BF8065F1E7FB",
				"9B36DA7E32F0304E780E7972",
				"B6B9970B86A6C219B0869FE9",
				"7BC2E65A5E699A5E5D834CA2");
			isa = PBXGroup;
			name = "External Frameworks and Libraries";
			path = "";
			refType = 4;
		};
		2A1043669E6E5A7426EA502A = {
			buildActionMask = 2147483647;
			files = (
				"A9F72A8809110F713D328E52",
				"58871D81CCB30255EE1423E0",
				"F068078AC830265B15779755",
				"6607F17D1DB1B97D84197094",
				"501667F26B3C1FF6767A7C12",
				"3826A0833FCB54E86728C6EF",
				"069D05B0128AE5DC7EE31738");
			isa = PBXFrameworksBuildPhase;
			name = "Frameworks & Libraries";
		};
		3787F99312C85FF0073FD7BA = {
			buildActionMask = 2147483647;
			files = (
			);
			isa = PBXResourcesBuildPhase;
			name = "Bundle Resources";
		};
		F6069D5A5DA8AA28EDB8B3C6 = {
			name = "Project Copy";
			buildActionMask = 2147483647;
			dstPath = "/Volumes/OptiBay/Home/Dropbox/School/Winter 2011/Game/td/bin";
			dstSubfolderSpec = 0;
			files = (
"07E0DFA73EB56DCB9E28CDD9");
			isa = PBXCopyFilesBuildPhase;
			runOnlyForDeploymentPostprocessing = 0;
		};
		07E0DFA73EB56DCB9E28CDD9 = {
			fileRef = "23F5B8D4DE22A805C1224206";
			isa = PBXBuildFile;
			settings = {
			};
		};
		05596AB53D8D521C69802C27 = {
			children = (
				"FB61758D0F0FDA4BA867C3D5",
				"46E892BBB6BB6952967E0561",
				"883D7615C4D2DE3FA1218F12",
				"7CABE3C80E79AD2B307756D2",
				"ED1E82605DD74B483AF3C982");
			isa = PBXGroup;
			name = "td";
			path = "";
			refType = 4;
		};
		23F5B8D4DE22A805C1224206 = {
			isa = PBXFileReference;
			explicitFileType = "wrapper.application";
			path = "td.app";
			refType = 3;
			sourceTree = BUILT_PRODUCTS_DIR;
		};
		068F80C7519D0528FB08E821 = {
			children = (
				"23F5B8D4DE22A805C1224206");
			isa = PBXGroup;
			name = "Products";
			refType = 4;
		};
		55F9580D7A1D6991BB94F983 = {
			buildPhases = (
				"D7BA7D76DAB5DD13389D6332",
				"A0A52A2ADF7A1E2A99738674",
				"F6069D5A5DA8AA28EDB8B3C6",
				"C29B8785722055ED95EF7B57",
				"2A1043669E6E5A7426EA502A",
				"3787F99312C85FF0073FD7BA");
			buildSettings = {
				HEADER_SEARCH_PATHS = (
					"/Library/Frameworks/QtCore.framework/Versions/4/Headers",
					"/usr/include/QtCore",
					"/Library/Frameworks/QtNetwork.framework/Versions/4/Headers",
					"/usr/include/QtNetwork",
					"/Library/Frameworks/QtGui.framework/Versions/4/Headers",
					"/usr/include/QtGui",
					"/usr/include",
					"3rdparty/inc/libtiled",
					".",
					".",
					"/usr/local/include",
					"/System/Library/Frameworks/CarbonCore.framework/Headers",
					"/usr/local/Qt4.7/mkspecs/macx-xcode");
				LIBRARY_SEARCH_PATHS = (
					"/Library/Frameworks",
					"/System/Library/Frameworks/",
					"/Volumes/OptiBay/Home/Dropbox/School/Winter\ 2011/Game/td/3rdparty/Frameworks",
					"/opt/local/lib",
					"/tmp/qt-stuff-6474/source/qt-everywhere-opensource-src-4.7.0/lib");
				OPTIMIZATION_CFLAGS = (
					);
				OTHER_CFLAGS = (
					"-pipe",
					"-g",
					"-I/opt/local/include",
					"-I/opt/local/include",
					"-Wall",
					"-W",
					"-DQT_GUI_LIB",
					"-DQT_NETWORK_LIB",
					"-DQT_CORE_LIB",
					"-DQT_SHARED");
				OTHER_CPLUSPLUSFLAGS = (
					"-pipe",
					"-g",
					"-I/opt/local/include",
					"-I/opt/local/include",
					"-Wall",
					"-W",
					"-DQT_GUI_LIB",
					"-DQT_NETWORK_LIB",
					"-DQT_CORE_LIB",
					"-DQT_SHARED");
				LEXFLAGS = "";
				YACCFLAGS = "-d";
				OTHER_REZFLAGS = "";
				SECTORDER_FLAGS = "";
				WARNING_CFLAGS = "";
				PREBINDING = NO;
				INFOPLIST_FILE = "Info.plist";
				BUILD_ROOT = "/Volumes/OptiBay/Home/Dropbox/School/Winter 2011/Game/td";
				OTHER_LDFLAGS = (
						"-headerpad_max_install_names",
						"-L/Library/Frameworks",
						"-F/Library/Frameworks",
						"-ltiled",
						"-L/Volumes/OptiBay/Home/Dropbox/School/Winter\ 2011/Game/td/3rdparty/Frameworks",
						"-L/opt/local/lib",
						"-lm",
						"-L/tmp/qt-stuff-6474/source/qt-everywhere-opensource-src-4.7.0/lib",
						"-F/tmp/qt-stuff-6474/source/qt-everywhere-opensource-src-4.7.0/lib");
				INSTALL_DIR = "/Volumes/OptiBay/Home/Dropbox/School/Winter 2011/Game/td/bin/";
				DYLIB_CURRENT_VERSION = "1.0.0";
				DYLIB_COMPATIBILITY_VERSION = "1.0";
				MACOSX_DEPLOYMENT_TARGET = "10.4";
				OBJROOT = "obj/";
				PRODUCT_NAME = "td";
			};
			conditionalBuildSettings = {
			};
			dependencies = (
				);
			productReference = "23F5B8D4DE22A805C1224206";
			shouldUseHeadermap = 1;
			isa = PBXNativeTarget;
			productType = "com.apple.product-type.application";
			productSettingsXML = "<?xml version=\"1.0\" encoding=\"UTF-8\"?>
<!DOCTYPE plist SYSTEM \"file://localhost/System/Library/DTDs/PropertyList.dtd\">
<plist version=\"0.9\">
<dict>
	<key>CFBundleIconFile</key>
	<string></string>
	<key>CFBundlePackageType</key>
	<string>APPL</string>
    <key>CFBundleGetInfoString</key>
	<string>Created by Qt/QMake</string>
	<key>CFBundleSignature</key>
	<string>????</string>
	<key>CFBundleExecutable</key>
	<string>td</string>
	<key>CFBundleIdentifier</key>
	<string>com.yourcompany.td</string>
	<key>NOTE</key>
	<string>This file was generated by Qt/QMake.</string>
</dict>
</plist>
";
			name = "td";
			productName = "td";
			startupPath = "<<ProjectDirectory>>";
			productInstallPath = "bin/";
		};
		8DB1DD96F65B1BF1FFC506E0 = {
			isa = XCBuildConfiguration;
			buildSettings = {
				COPY_PHASE_STRIP = "NO";
				GCC_GENERATE_DEBUGGING_SYMBOLS = "YES";
				GCC_OPTIMIZATION_LEVEL = "0";
				SDKROOT = "/Developer/SDKs/MacOSX10.5.sdk";
			};
			name = "Debug";
		};
		2C641C3335766025DD51B7BD = {
			buildRules = (
				);
			buildSettings = {
				COPY_PHASE_STRIP = "NO";
				GCC_GENERATE_DEBUGGING_SYMBOLS = "YES";
				GCC_OPTIMIZATION_LEVEL = "0";
				SDKROOT = "/Developer/SDKs/MacOSX10.5.sdk";
			};
			isa = "PBXBuildStyle";
			name = "Debug";
		};
		95E1EB2E5DDD587BE5B3E548 = {
			isa = XCBuildConfiguration;
			buildSettings = {
				COPY_PHASE_STRIP = "YES";
				GCC_GENERATE_DEBUGGING_SYMBOLS = "NO";
				SDKROOT = "/Developer/SDKs/MacOSX10.5.sdk";
			};
			name = "Release";
		};
		26DE8D2AEA4B3714B41E931F = {
			buildRules = (
				);
			buildSettings = {
				COPY_PHASE_STRIP = "YES";
				GCC_GENERATE_DEBUGGING_SYMBOLS = "NO";
				SDKROOT = "/Developer/SDKs/MacOSX10.5.sdk";
			};
			isa = "PBXBuildStyle";
			name = "Release";
		};
		2A951308CDB28F104D0A4BD2 = {
			isa = XCConfigurationList;
			buildConfigurations = (
				"8DB1DD96F65B1BF1FFC506E0",
				"95E1EB2E5DDD587BE5B3E548");
			defaultConfigurationIsVisible = 0;
			defaultConfigurationIsName = "Debug";
		};
		91B15E841AA80083484172DE = {
			buildStyles = (
				"2C641C3335766025DD51B7BD",
				"26DE8D2AEA4B3714B41E931F");
			hasScannedForEncodings = 1;
			isa = PBXProject;
			mainGroup = "05596AB53D8D521C69802C27";
			buildConfigurationList = "2A951308CDB28F104D0A4BD2";
			projectDirPath = "";
			targets = (
				"55F9580D7A1D6991BB94F983");
		};
	};
	rootObject = "91B15E841AA80083484172DE";
}
